// !$*UTF8*$!
{
	archiveVersion = 1;
	classes = {
	};
	objectVersion = 46;
	objects = {

/* Begin PBXBuildFile section */
		040623751873D50500D4CFA0 /* JSONModel.m in Sources */ = {isa = PBXBuildFile; fileRef = 0406235E1873D50500D4CFA0 /* JSONModel.m */; };
		040623761873D50500D4CFA0 /* JSONModelArray.m in Sources */ = {isa = PBXBuildFile; fileRef = 040623601873D50500D4CFA0 /* JSONModelArray.m */; };
		040623771873D50500D4CFA0 /* JSONModelClassProperty.m in Sources */ = {isa = PBXBuildFile; fileRef = 040623621873D50500D4CFA0 /* JSONModelClassProperty.m */; };
		040623781873D50500D4CFA0 /* JSONModelError.m in Sources */ = {isa = PBXBuildFile; fileRef = 040623641873D50500D4CFA0 /* JSONModelError.m */; };
		040623791873D50500D4CFA0 /* NSArray+JSONModel.m in Sources */ = {isa = PBXBuildFile; fileRef = 040623671873D50500D4CFA0 /* NSArray+JSONModel.m */; };
		0406237A1873D50500D4CFA0 /* JSONAPI.m in Sources */ = {isa = PBXBuildFile; fileRef = 0406236B1873D50500D4CFA0 /* JSONAPI.m */; };
		0406237B1873D50500D4CFA0 /* JSONHTTPClient.m in Sources */ = {isa = PBXBuildFile; fileRef = 0406236D1873D50500D4CFA0 /* JSONHTTPClient.m */; };
		0406237C1873D50500D4CFA0 /* JSONModel+networking.m in Sources */ = {isa = PBXBuildFile; fileRef = 0406236F1873D50500D4CFA0 /* JSONModel+networking.m */; };
		0406237D1873D50500D4CFA0 /* JSONKeyMapper.m in Sources */ = {isa = PBXBuildFile; fileRef = 040623721873D50500D4CFA0 /* JSONKeyMapper.m */; };
		0406237E1873D50500D4CFA0 /* JSONValueTransformer.m in Sources */ = {isa = PBXBuildFile; fileRef = 040623741873D50500D4CFA0 /* JSONValueTransformer.m */; };
		040623801873D68B00D4CFA0 /* Main.storyboard in Resources */ = {isa = PBXBuildFile; fileRef = 0406237F1873D68B00D4CFA0 /* Main.storyboard */; };
		046532F617F7B5270063D11C /* Foundation.framework in Frameworks */ = {isa = PBXBuildFile; fileRef = 046532F517F7B5270063D11C /* Foundation.framework */; };
		046532F817F7B5270063D11C /* CoreGraphics.framework in Frameworks */ = {isa = PBXBuildFile; fileRef = 046532F717F7B5270063D11C /* CoreGraphics.framework */; };
		046532FA17F7B5270063D11C /* UIKit.framework in Frameworks */ = {isa = PBXBuildFile; fileRef = 046532F917F7B5270063D11C /* UIKit.framework */; };
		0465330017F7B5270063D11C /* InfoPlist.strings in Resources */ = {isa = PBXBuildFile; fileRef = 046532FE17F7B5270063D11C /* InfoPlist.strings */; };
		0465330217F7B5270063D11C /* main.m in Sources */ = {isa = PBXBuildFile; fileRef = 0465330117F7B5270063D11C /* main.m */; };
		0465330617F7B5270063D11C /* DrunkHungryAppDelegate.m in Sources */ = {isa = PBXBuildFile; fileRef = 0465330517F7B5270063D11C /* DrunkHungryAppDelegate.m */; };
		0465330C17F7B5270063D11C /* DrunkHungryViewController.m in Sources */ = {isa = PBXBuildFile; fileRef = 0465330B17F7B5270063D11C /* DrunkHungryViewController.m */; };
		0465330E17F7B5270063D11C /* Images.xcassets in Resources */ = {isa = PBXBuildFile; fileRef = 0465330D17F7B5270063D11C /* Images.xcassets */; };
		0465331517F7B5270063D11C /* XCTest.framework in Frameworks */ = {isa = PBXBuildFile; fileRef = 0465331417F7B5270063D11C /* XCTest.framework */; };
		0465331617F7B5270063D11C /* Foundation.framework in Frameworks */ = {isa = PBXBuildFile; fileRef = 046532F517F7B5270063D11C /* Foundation.framework */; };
		0465331717F7B5270063D11C /* UIKit.framework in Frameworks */ = {isa = PBXBuildFile; fileRef = 046532F917F7B5270063D11C /* UIKit.framework */; };
		0465331F17F7B5270063D11C /* InfoPlist.strings in Resources */ = {isa = PBXBuildFile; fileRef = 0465331D17F7B5270063D11C /* InfoPlist.strings */; };
		0465332117F7B5270063D11C /* drunkhTests.m in Sources */ = {isa = PBXBuildFile; fileRef = 0465332017F7B5270063D11C /* drunkhTests.m */; };
		046534B217F854780063D11C /* CoreLocation.framework in Frameworks */ = {isa = PBXBuildFile; fileRef = 046534B117F854770063D11C /* CoreLocation.framework */; };
/* End PBXBuildFile section */

/* Begin PBXContainerItemProxy section */
		0465331817F7B5270063D11C /* PBXContainerItemProxy */ = {
			isa = PBXContainerItemProxy;
			containerPortal = 046532EA17F7B5270063D11C /* Project object */;
			proxyType = 1;
			remoteGlobalIDString = 046532F117F7B5270063D11C;
			remoteInfo = drunkh;
		};
/* End PBXContainerItemProxy section */

/* Begin PBXFileReference section */
		0406235D1873D50500D4CFA0 /* JSONModel.h */ = {isa = PBXFileReference; fileEncoding = 4; lastKnownFileType = sourcecode.c.h; path = JSONModel.h; sourceTree = "<group>"; };
		0406235E1873D50500D4CFA0 /* JSONModel.m */ = {isa = PBXFileReference; fileEncoding = 4; lastKnownFileType = sourcecode.c.objc; path = JSONModel.m; sourceTree = "<group>"; };
		0406235F1873D50500D4CFA0 /* JSONModelArray.h */ = {isa = PBXFileReference; fileEncoding = 4; lastKnownFileType = sourcecode.c.h; path = JSONModelArray.h; sourceTree = "<group>"; };
		040623601873D50500D4CFA0 /* JSONModelArray.m */ = {isa = PBXFileReference; fileEncoding = 4; lastKnownFileType = sourcecode.c.objc; path = JSONModelArray.m; sourceTree = "<group>"; };
		040623611873D50500D4CFA0 /* JSONModelClassProperty.h */ = {isa = PBXFileReference; fileEncoding = 4; lastKnownFileType = sourcecode.c.h; path = JSONModelClassProperty.h; sourceTree = "<group>"; };
		040623621873D50500D4CFA0 /* JSONModelClassProperty.m */ = {isa = PBXFileReference; fileEncoding = 4; lastKnownFileType = sourcecode.c.objc; path = JSONModelClassProperty.m; sourceTree = "<group>"; };
		040623631873D50500D4CFA0 /* JSONModelError.h */ = {isa = PBXFileReference; fileEncoding = 4; lastKnownFileType = sourcecode.c.h; path = JSONModelError.h; sourceTree = "<group>"; };
		040623641873D50500D4CFA0 /* JSONModelError.m */ = {isa = PBXFileReference; fileEncoding = 4; lastKnownFileType = sourcecode.c.objc; path = JSONModelError.m; sourceTree = "<group>"; };
		040623661873D50500D4CFA0 /* NSArray+JSONModel.h */ = {isa = PBXFileReference; fileEncoding = 4; lastKnownFileType = sourcecode.c.h; path = "NSArray+JSONModel.h"; sourceTree = "<group>"; };
		040623671873D50500D4CFA0 /* NSArray+JSONModel.m */ = {isa = PBXFileReference; fileEncoding = 4; lastKnownFileType = sourcecode.c.objc; path = "NSArray+JSONModel.m"; sourceTree = "<group>"; };
		040623681873D50500D4CFA0 /* JSONModelLib.h */ = {isa = PBXFileReference; fileEncoding = 4; lastKnownFileType = sourcecode.c.h; path = JSONModelLib.h; sourceTree = "<group>"; };
		0406236A1873D50500D4CFA0 /* JSONAPI.h */ = {isa = PBXFileReference; fileEncoding = 4; lastKnownFileType = sourcecode.c.h; path = JSONAPI.h; sourceTree = "<group>"; };
		0406236B1873D50500D4CFA0 /* JSONAPI.m */ = {isa = PBXFileReference; fileEncoding = 4; lastKnownFileType = sourcecode.c.objc; path = JSONAPI.m; sourceTree = "<group>"; };
		0406236C1873D50500D4CFA0 /* JSONHTTPClient.h */ = {isa = PBXFileReference; fileEncoding = 4; lastKnownFileType = sourcecode.c.h; path = JSONHTTPClient.h; sourceTree = "<group>"; };
		0406236D1873D50500D4CFA0 /* JSONHTTPClient.m */ = {isa = PBXFileReference; fileEncoding = 4; lastKnownFileType = sourcecode.c.objc; path = JSONHTTPClient.m; sourceTree = "<group>"; };
		0406236E1873D50500D4CFA0 /* JSONModel+networking.h */ = {isa = PBXFileReference; fileEncoding = 4; lastKnownFileType = sourcecode.c.h; path = "JSONModel+networking.h"; sourceTree = "<group>"; };
		0406236F1873D50500D4CFA0 /* JSONModel+networking.m */ = {isa = PBXFileReference; fileEncoding = 4; lastKnownFileType = sourcecode.c.objc; path = "JSONModel+networking.m"; sourceTree = "<group>"; };
		040623711873D50500D4CFA0 /* JSONKeyMapper.h */ = {isa = PBXFileReference; fileEncoding = 4; lastKnownFileType = sourcecode.c.h; path = JSONKeyMapper.h; sourceTree = "<group>"; };
		040623721873D50500D4CFA0 /* JSONKeyMapper.m */ = {isa = PBXFileReference; fileEncoding = 4; lastKnownFileType = sourcecode.c.objc; path = JSONKeyMapper.m; sourceTree = "<group>"; };
		040623731873D50500D4CFA0 /* JSONValueTransformer.h */ = {isa = PBXFileReference; fileEncoding = 4; lastKnownFileType = sourcecode.c.h; path = JSONValueTransformer.h; sourceTree = "<group>"; };
		040623741873D50500D4CFA0 /* JSONValueTransformer.m */ = {isa = PBXFileReference; fileEncoding = 4; lastKnownFileType = sourcecode.c.objc; path = JSONValueTransformer.m; sourceTree = "<group>"; };
		0406237F1873D68B00D4CFA0 /* Main.storyboard */ = {isa = PBXFileReference; fileEncoding = 4; lastKnownFileType = file.storyboard; name = Main.storyboard; path = ../Main.storyboard; sourceTree = "<group>"; };
		040623901873ED0000D4CFA0 /* Foursquare.h */ = {isa = PBXFileReference; fileEncoding = 4; lastKnownFileType = sourcecode.c.h; path = Foursquare.h; sourceTree = "<group>"; };
		0454E16B1874F1E800B83944 /* Drunk&Hungry (1).png */ = {isa = PBXFileReference; lastKnownFileType = image.png; path = "Drunk&Hungry (1).png"; sourceTree = "<group>"; };
		046532F217F7B5270063D11C /* drunkh.app */ = {isa = PBXFileReference; explicitFileType = wrapper.application; includeInIndex = 0; path = drunkh.app; sourceTree = BUILT_PRODUCTS_DIR; };
		046532F517F7B5270063D11C /* Foundation.framework */ = {isa = PBXFileReference; lastKnownFileType = wrapper.framework; name = Foundation.framework; path = System/Library/Frameworks/Foundation.framework; sourceTree = SDKROOT; };
		046532F717F7B5270063D11C /* CoreGraphics.framework */ = {isa = PBXFileReference; lastKnownFileType = wrapper.framework; name = CoreGraphics.framework; path = System/Library/Frameworks/CoreGraphics.framework; sourceTree = SDKROOT; };
		046532F917F7B5270063D11C /* UIKit.framework */ = {isa = PBXFileReference; lastKnownFileType = wrapper.framework; name = UIKit.framework; path = System/Library/Frameworks/UIKit.framework; sourceTree = SDKROOT; };
		046532FD17F7B5270063D11C /* drunkh-Info.plist */ = {isa = PBXFileReference; lastKnownFileType = text.plist.xml; path = "drunkh-Info.plist"; sourceTree = "<group>"; };
		046532FF17F7B5270063D11C /* en */ = {isa = PBXFileReference; lastKnownFileType = text.plist.strings; name = en; path = en.lproj/InfoPlist.strings; sourceTree = "<group>"; };
		0465330117F7B5270063D11C /* main.m */ = {isa = PBXFileReference; lastKnownFileType = sourcecode.c.objc; path = main.m; sourceTree = "<group>"; };
		0465330317F7B5270063D11C /* drunkh-Prefix.pch */ = {isa = PBXFileReference; lastKnownFileType = sourcecode.c.h; path = "drunkh-Prefix.pch"; sourceTree = "<group>"; };
		0465330417F7B5270063D11C /* DrunkHungryAppDelegate.h */ = {isa = PBXFileReference; lastKnownFileType = sourcecode.c.h; path = DrunkHungryAppDelegate.h; sourceTree = "<group>"; };
		0465330517F7B5270063D11C /* DrunkHungryAppDelegate.m */ = {isa = PBXFileReference; lastKnownFileType = sourcecode.c.objc; path = DrunkHungryAppDelegate.m; sourceTree = "<group>"; };
		0465330A17F7B5270063D11C /* DrunkHungryViewController.h */ = {isa = PBXFileReference; lastKnownFileType = sourcecode.c.h; path = DrunkHungryViewController.h; sourceTree = "<group>"; };
		0465330B17F7B5270063D11C /* DrunkHungryViewController.m */ = {isa = PBXFileReference; lastKnownFileType = sourcecode.c.objc; path = DrunkHungryViewController.m; sourceTree = "<group>"; };
		0465330D17F7B5270063D11C /* Images.xcassets */ = {isa = PBXFileReference; lastKnownFileType = folder.assetcatalog; path = Images.xcassets; sourceTree = "<group>"; };
		0465331317F7B5270063D11C /* drunkhTests.xctest */ = {isa = PBXFileReference; explicitFileType = wrapper.cfbundle; includeInIndex = 0; path = drunkhTests.xctest; sourceTree = BUILT_PRODUCTS_DIR; };
		0465331417F7B5270063D11C /* XCTest.framework */ = {isa = PBXFileReference; lastKnownFileType = wrapper.framework; name = XCTest.framework; path = Library/Frameworks/XCTest.framework; sourceTree = DEVELOPER_DIR; };
		0465331C17F7B5270063D11C /* drunkhTests-Info.plist */ = {isa = PBXFileReference; lastKnownFileType = text.plist.xml; path = "drunkhTests-Info.plist"; sourceTree = "<group>"; };
		0465331E17F7B5270063D11C /* en */ = {isa = PBXFileReference; lastKnownFileType = text.plist.strings; name = en; path = en.lproj/InfoPlist.strings; sourceTree = "<group>"; };
		0465332017F7B5270063D11C /* drunkhTests.m */ = {isa = PBXFileReference; lastKnownFileType = sourcecode.c.objc; path = drunkhTests.m; sourceTree = "<group>"; };
		046534B117F854770063D11C /* CoreLocation.framework */ = {isa = PBXFileReference; lastKnownFileType = wrapper.framework; name = CoreLocation.framework; path = System/Library/Frameworks/CoreLocation.framework; sourceTree = SDKROOT; };
/* End PBXFileReference section */

/* Begin PBXFrameworksBuildPhase section */
		046532EF17F7B5270063D11C /* Frameworks */ = {
			isa = PBXFrameworksBuildPhase;
			buildActionMask = 2147483647;
			files = (
				046534B217F854780063D11C /* CoreLocation.framework in Frameworks */,
				046532F817F7B5270063D11C /* CoreGraphics.framework in Frameworks */,
				046532FA17F7B5270063D11C /* UIKit.framework in Frameworks */,
				046532F617F7B5270063D11C /* Foundation.framework in Frameworks */,
			);
			runOnlyForDeploymentPostprocessing = 0;
		};
		0465331017F7B5270063D11C /* Frameworks */ = {
			isa = PBXFrameworksBuildPhase;
			buildActionMask = 2147483647;
			files = (
				0465331517F7B5270063D11C /* XCTest.framework in Frameworks */,
				0465331717F7B5270063D11C /* UIKit.framework in Frameworks */,
				0465331617F7B5270063D11C /* Foundation.framework in Frameworks */,
			);
			runOnlyForDeploymentPostprocessing = 0;
		};
/* End PBXFrameworksBuildPhase section */

/* Begin PBXGroup section */
		0406235B1873D50500D4CFA0 /* JSONModel */ = {
			isa = PBXGroup;
			children = (
				0406235C1873D50500D4CFA0 /* JSONModel */,
				040623651873D50500D4CFA0 /* JSONModelCategories */,
				040623681873D50500D4CFA0 /* JSONModelLib.h */,
				040623691873D50500D4CFA0 /* JSONModelNetworking */,
				040623701873D50500D4CFA0 /* JSONModelTransformations */,
			);
			path = JSONModel;
			sourceTree = "<group>";
		};
		0406235C1873D50500D4CFA0 /* JSONModel */ = {
			isa = PBXGroup;
			children = (
				0406235D1873D50500D4CFA0 /* JSONModel.h */,
				0406235E1873D50500D4CFA0 /* JSONModel.m */,
				0406235F1873D50500D4CFA0 /* JSONModelArray.h */,
				040623601873D50500D4CFA0 /* JSONModelArray.m */,
				040623611873D50500D4CFA0 /* JSONModelClassProperty.h */,
				040623621873D50500D4CFA0 /* JSONModelClassProperty.m */,
				040623631873D50500D4CFA0 /* JSONModelError.h */,
				040623641873D50500D4CFA0 /* JSONModelError.m */,
			);
			path = JSONModel;
			sourceTree = "<group>";
		};
		040623651873D50500D4CFA0 /* JSONModelCategories */ = {
			isa = PBXGroup;
			children = (
				040623661873D50500D4CFA0 /* NSArray+JSONModel.h */,
				040623671873D50500D4CFA0 /* NSArray+JSONModel.m */,
			);
			path = JSONModelCategories;
			sourceTree = "<group>";
		};
		040623691873D50500D4CFA0 /* JSONModelNetworking */ = {
			isa = PBXGroup;
			children = (
				0406236A1873D50500D4CFA0 /* JSONAPI.h */,
				0406236B1873D50500D4CFA0 /* JSONAPI.m */,
				0406236C1873D50500D4CFA0 /* JSONHTTPClient.h */,
				0406236D1873D50500D4CFA0 /* JSONHTTPClient.m */,
				0406236E1873D50500D4CFA0 /* JSONModel+networking.h */,
				0406236F1873D50500D4CFA0 /* JSONModel+networking.m */,
			);
			path = JSONModelNetworking;
			sourceTree = "<group>";
		};
		040623701873D50500D4CFA0 /* JSONModelTransformations */ = {
			isa = PBXGroup;
			children = (
				040623711873D50500D4CFA0 /* JSONKeyMapper.h */,
				040623721873D50500D4CFA0 /* JSONKeyMapper.m */,
				040623731873D50500D4CFA0 /* JSONValueTransformer.h */,
				040623741873D50500D4CFA0 /* JSONValueTransformer.m */,
			);
			path = JSONModelTransformations;
			sourceTree = "<group>";
		};
		046532E917F7B5270063D11C = {
			isa = PBXGroup;
			children = (
				0454E16B1874F1E800B83944 /* Drunk&Hungry (1).png */,
				046532FB17F7B5270063D11C /* drunkh */,
				0465331A17F7B5270063D11C /* drunkhTests */,
				046532F417F7B5270063D11C /* Frameworks */,
				046532F317F7B5270063D11C /* Products */,
			);
			sourceTree = "<group>";
		};
		046532F317F7B5270063D11C /* Products */ = {
			isa = PBXGroup;
			children = (
				046532F217F7B5270063D11C /* drunkh.app */,
				0465331317F7B5270063D11C /* drunkhTests.xctest */,
			);
			name = Products;
			sourceTree = "<group>";
		};
		046532F417F7B5270063D11C /* Frameworks */ = {
			isa = PBXGroup;
			children = (
				046534B117F854770063D11C /* CoreLocation.framework */,
				046532F517F7B5270063D11C /* Foundation.framework */,
				046532F717F7B5270063D11C /* CoreGraphics.framework */,
				046532F917F7B5270063D11C /* UIKit.framework */,
				0465331417F7B5270063D11C /* XCTest.framework */,
			);
			name = Frameworks;
			sourceTree = "<group>";
		};
		046532FB17F7B5270063D11C /* drunkh */ = {
			isa = PBXGroup;
			children = (
				0406237F1873D68B00D4CFA0 /* Main.storyboard */,
				0406235B1873D50500D4CFA0 /* JSONModel */,
				0465330417F7B5270063D11C /* DrunkHungryAppDelegate.h */,
				0465330517F7B5270063D11C /* DrunkHungryAppDelegate.m */,
				0465330A17F7B5270063D11C /* DrunkHungryViewController.h */,
				0465330B17F7B5270063D11C /* DrunkHungryViewController.m */,
				040623901873ED0000D4CFA0 /* Foursquare.h */,
				0465330D17F7B5270063D11C /* Images.xcassets */,
				046532FC17F7B5270063D11C /* Supporting Files */,
			);
			path = drunkh;
			sourceTree = "<group>";
		};
		046532FC17F7B5270063D11C /* Supporting Files */ = {
			isa = PBXGroup;
			children = (
				046532FD17F7B5270063D11C /* drunkh-Info.plist */,
				046532FE17F7B5270063D11C /* InfoPlist.strings */,
				0465330117F7B5270063D11C /* main.m */,
				0465330317F7B5270063D11C /* drunkh-Prefix.pch */,
			);
			name = "Supporting Files";
			sourceTree = "<group>";
		};
		0465331A17F7B5270063D11C /* drunkhTests */ = {
			isa = PBXGroup;
			children = (
				0465332017F7B5270063D11C /* drunkhTests.m */,
				0465331B17F7B5270063D11C /* Supporting Files */,
			);
			path = drunkhTests;
			sourceTree = "<group>";
		};
		0465331B17F7B5270063D11C /* Supporting Files */ = {
			isa = PBXGroup;
			children = (
				0465331C17F7B5270063D11C /* drunkhTests-Info.plist */,
				0465331D17F7B5270063D11C /* InfoPlist.strings */,
			);
			name = "Supporting Files";
			sourceTree = "<group>";
		};
/* End PBXGroup section */

/* Begin PBXNativeTarget section */
		046532F117F7B5270063D11C /* drunkh */ = {
			isa = PBXNativeTarget;
			buildConfigurationList = 0465332417F7B5270063D11C /* Build configuration list for PBXNativeTarget "drunkh" */;
			buildPhases = (
				046532EE17F7B5270063D11C /* Sources */,
				046532EF17F7B5270063D11C /* Frameworks */,
				046532F017F7B5270063D11C /* Resources */,
			);
			buildRules = (
			);
			dependencies = (
			);
			name = drunkh;
			productName = drunkh;
			productReference = 046532F217F7B5270063D11C /* drunkh.app */;
			productType = "com.apple.product-type.application";
		};
		0465331217F7B5270063D11C /* drunkhTests */ = {
			isa = PBXNativeTarget;
			buildConfigurationList = 0465332717F7B5270063D11C /* Build configuration list for PBXNativeTarget "drunkhTests" */;
			buildPhases = (
				0465330F17F7B5270063D11C /* Sources */,
				0465331017F7B5270063D11C /* Frameworks */,
				0465331117F7B5270063D11C /* Resources */,
			);
			buildRules = (
			);
			dependencies = (
				0465331917F7B5270063D11C /* PBXTargetDependency */,
			);
			name = drunkhTests;
			productName = drunkhTests;
			productReference = 0465331317F7B5270063D11C /* drunkhTests.xctest */;
			productType = "com.apple.product-type.bundle.unit-test";
		};
/* End PBXNativeTarget section */

/* Begin PBXProject section */
		046532EA17F7B5270063D11C /* Project object */ = {
			isa = PBXProject;
			attributes = {
				CLASSPREFIX = DrunkHungry;
				LastUpgradeCheck = 0500;
				ORGANIZATIONNAME = "Serena Simkus";
				TargetAttributes = {
					046532F117F7B5270063D11C = {
						DevelopmentTeam = 8D396PEWKE;
					};
					0465331217F7B5270063D11C = {
						TestTargetID = 046532F117F7B5270063D11C;
					};
				};
			};
			buildConfigurationList = 046532ED17F7B5270063D11C /* Build configuration list for PBXProject "drunkh" */;
			compatibilityVersion = "Xcode 3.2";
			developmentRegion = English;
			hasScannedForEncodings = 0;
			knownRegions = (
				en,
				Base,
			);
			mainGroup = 046532E917F7B5270063D11C;
			productRefGroup = 046532F317F7B5270063D11C /* Products */;
			projectDirPath = "";
			projectRoot = "";
			targets = (
				046532F117F7B5270063D11C /* drunkh */,
				0465331217F7B5270063D11C /* drunkhTests */,
			);
		};
/* End PBXProject section */

/* Begin PBXResourcesBuildPhase section */
		046532F017F7B5270063D11C /* Resources */ = {
			isa = PBXResourcesBuildPhase;
			buildActionMask = 2147483647;
			files = (
				0465330E17F7B5270063D11C /* Images.xcassets in Resources */,
				0465330017F7B5270063D11C /* InfoPlist.strings in Resources */,
				040623801873D68B00D4CFA0 /* Main.storyboard in Resources */,
			);
			runOnlyForDeploymentPostprocessing = 0;
		};
		0465331117F7B5270063D11C /* Resources */ = {
			isa = PBXResourcesBuildPhase;
			buildActionMask = 2147483647;
			files = (
				0465331F17F7B5270063D11C /* InfoPlist.strings in Resources */,
			);
			runOnlyForDeploymentPostprocessing = 0;
		};
/* End PBXResourcesBuildPhase section */

/* Begin PBXSourcesBuildPhase section */
		046532EE17F7B5270063D11C /* Sources */ = {
			isa = PBXSourcesBuildPhase;
			buildActionMask = 2147483647;
			files = (
				040623791873D50500D4CFA0 /* NSArray+JSONModel.m in Sources */,
				040623771873D50500D4CFA0 /* JSONModelClassProperty.m in Sources */,
				040623761873D50500D4CFA0 /* JSONModelArray.m in Sources */,
				0465330617F7B5270063D11C /* DrunkHungryAppDelegate.m in Sources */,
				0406237C1873D50500D4CFA0 /* JSONModel+networking.m in Sources */,
				040623781873D50500D4CFA0 /* JSONModelError.m in Sources */,
				0406237B1873D50500D4CFA0 /* JSONHTTPClient.m in Sources */,
				0406237E1873D50500D4CFA0 /* JSONValueTransformer.m in Sources */,
				0465330C17F7B5270063D11C /* DrunkHungryViewController.m in Sources */,
				0406237D1873D50500D4CFA0 /* JSONKeyMapper.m in Sources */,
				0465330217F7B5270063D11C /* main.m in Sources */,
				0406237A1873D50500D4CFA0 /* JSONAPI.m in Sources */,
				040623751873D50500D4CFA0 /* JSONModel.m in Sources */,
			);
			runOnlyForDeploymentPostprocessing = 0;
		};
		0465330F17F7B5270063D11C /* Sources */ = {
			isa = PBXSourcesBuildPhase;
			buildActionMask = 2147483647;
			files = (
				0465332117F7B5270063D11C /* drunkhTests.m in Sources */,
			);
			runOnlyForDeploymentPostprocessing = 0;
		};
/* End PBXSourcesBuildPhase section */

/* Begin PBXTargetDependency section */
		0465331917F7B5270063D11C /* PBXTargetDependency */ = {
			isa = PBXTargetDependency;
			target = 046532F117F7B5270063D11C /* drunkh */;
			targetProxy = 0465331817F7B5270063D11C /* PBXContainerItemProxy */;
		};
/* End PBXTargetDependency section */

/* Begin PBXVariantGroup section */
		046532FE17F7B5270063D11C /* InfoPlist.strings */ = {
			isa = PBXVariantGroup;
			children = (
				046532FF17F7B5270063D11C /* en */,
			);
			name = InfoPlist.strings;
			sourceTree = "<group>";
		};
		0465331D17F7B5270063D11C /* InfoPlist.strings */ = {
			isa = PBXVariantGroup;
			children = (
				0465331E17F7B5270063D11C /* en */,
			);
			name = InfoPlist.strings;
			sourceTree = "<group>";
		};
/* End PBXVariantGroup section */

/* Begin XCBuildConfiguration section */
		0465332217F7B5270063D11C /* Debug */ = {
			isa = XCBuildConfiguration;
			buildSettings = {
				ALWAYS_SEARCH_USER_PATHS = NO;
				ARCHS = "$(ARCHS_STANDARD)";
				CLANG_CXX_LANGUAGE_STANDARD = "gnu++0x";
				CLANG_CXX_LIBRARY = "libc++";
				CLANG_ENABLE_MODULES = YES;
				CLANG_ENABLE_OBJC_ARC = YES;
				CLANG_WARN_BOOL_CONVERSION = YES;
				CLANG_WARN_CONSTANT_CONVERSION = YES;
				CLANG_WARN_DIRECT_OBJC_ISA_USAGE = YES_ERROR;
				CLANG_WARN_EMPTY_BODY = YES;
				CLANG_WARN_ENUM_CONVERSION = YES;
				CLANG_WARN_INT_CONVERSION = YES;
				CLANG_WARN_OBJC_ROOT_CLASS = YES_ERROR;
				CLANG_WARN__DUPLICATE_METHOD_MATCH = YES;
				"CODE_SIGN_IDENTITY[sdk=iphoneos*]" = "iPhone Developer";
				COPY_PHASE_STRIP = NO;
				GCC_C_LANGUAGE_STANDARD = gnu99;
				GCC_DYNAMIC_NO_PIC = NO;
				GCC_OPTIMIZATION_LEVEL = 0;
				GCC_PREPROCESSOR_DEFINITIONS = (
					"DEBUG=1",
					"$(inherited)",
				);
				GCC_SYMBOLS_PRIVATE_EXTERN = NO;
				GCC_WARN_64_TO_32_BIT_CONVERSION = YES;
				GCC_WARN_ABOUT_RETURN_TYPE = YES_ERROR;
				GCC_WARN_UNDECLARED_SELECTOR = YES;
				GCC_WARN_UNINITIALIZED_AUTOS = YES;
				GCC_WARN_UNUSED_FUNCTION = YES;
				GCC_WARN_UNUSED_VARIABLE = YES;
				IPHONEOS_DEPLOYMENT_TARGET = 7.0;
				ONLY_ACTIVE_ARCH = YES;
				SDKROOT = iphoneos;
			};
			name = Debug;
		};
		0465332317F7B5270063D11C /* Release */ = {
			isa = XCBuildConfiguration;
			buildSettings = {
				ALWAYS_SEARCH_USER_PATHS = NO;
				ARCHS = "$(ARCHS_STANDARD)";
				CLANG_CXX_LANGUAGE_STANDARD = "gnu++0x";
				CLANG_CXX_LIBRARY = "libc++";
				CLANG_ENABLE_MODULES = YES;
				CLANG_ENABLE_OBJC_ARC = YES;
				CLANG_WARN_BOOL_CONVERSION = YES;
				CLANG_WARN_CONSTANT_CONVERSION = YES;
				CLANG_WARN_DIRECT_OBJC_ISA_USAGE = YES_ERROR;
				CLANG_WARN_EMPTY_BODY = YES;
				CLANG_WARN_ENUM_CONVERSION = YES;
				CLANG_WARN_INT_CONVERSION = YES;
				CLANG_WARN_OBJC_ROOT_CLASS = YES_ERROR;
				CLANG_WARN__DUPLICATE_METHOD_MATCH = YES;
				"CODE_SIGN_IDENTITY[sdk=iphoneos*]" = "iPhone Developer";
				COPY_PHASE_STRIP = YES;
				ENABLE_NS_ASSERTIONS = NO;
				GCC_C_LANGUAGE_STANDARD = gnu99;
				GCC_WARN_64_TO_32_BIT_CONVERSION = YES;
				GCC_WARN_ABOUT_RETURN_TYPE = YES_ERROR;
				GCC_WARN_UNDECLARED_SELECTOR = YES;
				GCC_WARN_UNINITIALIZED_AUTOS = YES;
				GCC_WARN_UNUSED_FUNCTION = YES;
				GCC_WARN_UNUSED_VARIABLE = YES;
				IPHONEOS_DEPLOYMENT_TARGET = 7.0;
				ONLY_ACTIVE_ARCH = YES;
				SDKROOT = iphoneos;
				VALIDATE_PRODUCT = YES;
			};
			name = Release;
		};
		0465332517F7B5270063D11C /* Debug */ = {
			isa = XCBuildConfiguration;
			buildSettings = {
				ARCHS = "$(ARCHS_STANDARD_INCLUDING_64_BIT)";
				ASSETCATALOG_COMPILER_APPICON_NAME = "AppIcon-2";
				ASSETCATALOG_COMPILER_LAUNCHIMAGE_NAME = LaunchImage;
				CODE_SIGN_IDENTITY = "iPhone Developer";
				"CODE_SIGN_IDENTITY[sdk=iphoneos*]" = "iPhone Developer";
				GCC_PRECOMPILE_PREFIX_HEADER = YES;
				GCC_PREFIX_HEADER = "drunkh/drunkh-Prefix.pch";
				INFOPLIST_FILE = "drunkh/drunkh-Info.plist";
				PRODUCT_NAME = "$(TARGET_NAME)";
				PROVISIONING_PROFILE = "";
				WRAPPER_EXTENSION = app;
			};
			name = Debug;
		};
		0465332617F7B5270063D11C /* Release */ = {
			isa = XCBuildConfiguration;
			buildSettings = {
				ARCHS = "$(ARCHS_STANDARD_INCLUDING_64_BIT)";
				ASSETCATALOG_COMPILER_APPICON_NAME = "AppIcon-2";
				ASSETCATALOG_COMPILER_LAUNCHIMAGE_NAME = LaunchImage;
				CODE_SIGN_IDENTITY = "iPhone Developer";
				"CODE_SIGN_IDENTITY[sdk=iphoneos*]" = "iPhone Developer";
				GCC_PRECOMPILE_PREFIX_HEADER = YES;
				GCC_PREFIX_HEADER = "drunkh/drunkh-Prefix.pch";
				INFOPLIST_FILE = "drunkh/drunkh-Info.plist";
				PRODUCT_NAME = "$(TARGET_NAME)";
				PROVISIONING_PROFILE = "";
				WRAPPER_EXTENSION = app;
			};
			name = Release;
		};
		0465332817F7B5270063D11C /* Debug */ = {
			isa = XCBuildConfiguration;
			buildSettings = {
				ARCHS = "$(ARCHS_STANDARD_INCLUDING_64_BIT)";
				BUNDLE_LOADER = "$(BUILT_PRODUCTS_DIR)/drunkh.app/drunkh";
				FRAMEWORK_SEARCH_PATHS = (
					"$(SDKROOT)/Developer/Library/Frameworks",
					"$(inherited)",
					"$(DEVELOPER_FRAMEWORKS_DIR)",
				);
				GCC_PRECOMPILE_PREFIX_HEADER = YES;
				GCC_PREFIX_HEADER = "drunkh/drunkh-Prefix.pch";
				GCC_PREPROCESSOR_DEFINITIONS = (
					"DEBUG=1",
					"$(inherited)",
				);
				INFOPLIST_FILE = "drunkhTests/drunkhTests-Info.plist";
				PRODUCT_NAME = "$(TARGET_NAME)";
				TEST_HOST = "$(BUNDLE_LOADER)";
				WRAPPER_EXTENSION = xctest;
			};
			name = Debug;
		};
		0465332917F7B5270063D11C /* Release */ = {
			isa = XCBuildConfiguration;
			buildSettings = {
				ARCHS = "$(ARCHS_STANDARD_INCLUDING_64_BIT)";
				BUNDLE_LOADER = "$(BUILT_PRODUCTS_DIR)/drunkh.app/drunkh";
				FRAMEWORK_SEARCH_PATHS = (
					"$(SDKROOT)/Developer/Library/Frameworks",
					"$(inherited)",
					"$(DEVELOPER_FRAMEWORKS_DIR)",
				);
				GCC_PRECOMPILE_PREFIX_HEADER = YES;
				GCC_PREFIX_HEADER = "drunkh/drunkh-Prefix.pch";
				INFOPLIST_FILE = "drunkhTests/drunkhTests-Info.plist";
				PRODUCT_NAME = "$(TARGET_NAME)";
				TEST_HOST = "$(BUNDLE_LOADER)";
				WRAPPER_EXTENSION = xctest;
			};
			name = Release;
		};
/* End XCBuildConfiguration section */

/* Begin XCConfigurationList section */
		046532ED17F7B5270063D11C /* Build configuration list for PBXProject "drunkh" */ = {
			isa = XCConfigurationList;
			buildConfigurations = (
				0465332217F7B5270063D11C /* Debug */,
				0465332317F7B5270063D11C /* Release */,
			);
			defaultConfigurationIsVisible = 0;
			defaultConfigurationName = Release;
		};
		0465332417F7B5270063D11C /* Build configuration list for PBXNativeTarget "drunkh" */ = {
			isa = XCConfigurationList;
			buildConfigurations = (
				0465332517F7B5270063D11C /* Debug */,
				0465332617F7B5270063D11C /* Release */,
			);
			defaultConfigurationIsVisible = 0;
			defaultConfigurationName = Release;
		};
		0465332717F7B5270063D11C /* Build configuration list for PBXNativeTarget "drunkhTests" */ = {
			isa = XCConfigurationList;
			buildConfigurations = (
				0465332817F7B5270063D11C /* Debug */,
				0465332917F7B5270063D11C /* Release */,
			);
			defaultConfigurationIsVisible = 0;
			defaultConfigurationName = Release;
		};
/* End XCConfigurationList section */
	};
	rootObject = 046532EA17F7B5270063D11C /* Project object */;
}
